
Microsoft Visual Studio Solution File, Format Version 12.00
# Visual Studio Version 17
VisualStudioVersion = 17.1.32407.343
MinimumVisualStudioVersion = 10.0.40219.1
Project("{FAE04EC0-301F-11D3-BF4B-00C04F79EFBC}") = "DataAccess", "DataAccess\DataAccess.csproj", "{250E739C-11FD-483C-B53C-E585AAA3CB74}"
EndProject
Project("{FAE04EC0-301F-11D3-BF4B-00C04F79EFBC}") = "Business", "Business\Business.csproj", "{AE3D9F87-3C52-4E0D-96E0-D308D8766C01}"
EndProject
Project("{FAE04EC0-301F-11D3-BF4B-00C04F79EFBC}") = "Entities", "Entities\Entities.csproj", "{A6DF0359-0DFF-4B95-AE1A-8B75FB807313}"
EndProject
Project("{FAE04EC0-301F-11D3-BF4B-00C04F79EFBC}") = "ConsoleUI", "ConsoleUI\ConsoleUI.csproj", "{24B9FDDF-E9F1-4093-B22A-E8FFC7C1BEFA}"
EndProject
Global
	GlobalSection(SolutionConfigurationPlatforms) = preSolution
		Debug|Any CPU = Debug|Any CPU
		Release|Any CPU = Release|Any CPU
	EndGlobalSection
	GlobalSection(ProjectConfigurationPlatforms) = postSolution
		{250E739C-11FD-483C-B53C-E585AAA3CB74}.Debug|Any CPU.ActiveCfg = Debug|Any CPU
		{250E739C-11FD-483C-B53C-E585AAA3CB74}.Debug|Any CPU.Build.0 = Debug|Any CPU
		{250E739C-11FD-483C-B53C-E585AAA3CB74}.Release|Any CPU.ActiveCfg = Release|Any CPU
		{250E739C-11FD-483C-B53C-E585AAA3CB74}.Release|Any CPU.Build.0 = Release|Any CPU
		{AE3D9F87-3C52-4E0D-96E0-D308D8766C01}.Debug|Any CPU.ActiveCfg = Debug|Any CPU
		{AE3D9F87-3C52-4E0D-96E0-D308D8766C01}.Debug|Any CPU.Build.0 = Debug|Any CPU
		{AE3D9F87-3C52-4E0D-96E0-D308D8766C01}.Release|Any CPU.ActiveCfg = Release|Any CPU
		{AE3D9F87-3C52-4E0D-96E0-D308D8766C01}.Release|Any CPU.Build.0 = Release|Any CPU
		{A6DF0359-0DFF-4B95-AE1A-8B75FB807313}.Debug|Any CPU.ActiveCfg = Debug|Any CPU
		{A6DF0359-0DFF-4B95-AE1A-8B75FB807313}.Debug|Any CPU.Build.0 = Debug|Any CPU
		{A6DF0359-0DFF-4B95-AE1A-8B75FB807313}.Release|Any CPU.ActiveCfg = Release|Any CPU
		{A6DF0359-0DFF-4B95-AE1A-8B75FB807313}.Release|Any CPU.Build.0 = Release|Any CPU
		{24B9FDDF-E9F1-4093-B22A-E8FFC7C1BEFA}.Debug|Any CPU.ActiveCfg = Debug|Any CPU
		{24B9FDDF-E9F1-4093-B22A-E8FFC7C1BEFA}.Debug|Any CPU.Build.0 = Debug|Any CPU
		{24B9FDDF-E9F1-4093-B22A-E8FFC7C1BEFA}.Release|Any CPU.ActiveCfg = Release|Any CPU
		{24B9FDDF-E9F1-4093-B22A-E8FFC7C1BEFA}.Release|Any CPU.Build.0 = Release|Any CPU
	EndGlobalSection
	GlobalSection(SolutionProperties) = preSolution
		HideSolutionNode = FALSE
	EndGlobalSection
	GlobalSection(ExtensibilityGlobals) = postSolution
		SolutionGuid = {3DA37AA8-B7D5-4FA2-A2E0-E748D45E58BD}
	EndGlobalSection
EndGlobal
